
Microsoft Visual Studio Solution File, Format Version 12.00
# Visual Studio Version 17
VisualStudioVersion = 17.5.33516.290
MinimumVisualStudioVersion = 10.0.40219.1
Project("{FAE04EC0-301F-11D3-BF4B-00C04F79EFBC}") = "VPDL2.1Sample", "VPDL2.1Sample\VPDL2.1Sample.csproj", "{1D5C0929-9E37-457F-B8D3-46FBA1D3F554}"
EndProject
Global
	GlobalSection(SolutionConfigurationPlatforms) = preSolution
		Debug|Any CPU = Debug|Any CPU
		Debug|x64 = Debug|x64
		Release|Any CPU = Release|Any CPU
		Release|x64 = Release|x64
	EndGlobalSection
	GlobalSection(ProjectConfigurationPlatforms) = postSolution
		{1D5C0929-9E37-457F-B8D3-46FBA1D3F554}.Debug|Any CPU.ActiveCfg = Debug|Any CPU
		{1D5C0929-9E37-457F-B8D3-46FBA1D3F554}.Debug|x64.ActiveCfg = Debug|x64
		{1D5C0929-9E37-457F-B8D3-46FBA1D3F554}.Release|Any CPU.ActiveCfg = Release|Any CPU
		{1D5C0929-9E37-457F-B8D3-46FBA1D3F554}.Release|Any CPU.Build.0 = Release|Any CPU
		{1D5C0929-9E37-457F-B8D3-46FBA1D3F554}.Release|x64.ActiveCfg = Release|Any CPU
	EndGlobalSection
	GlobalSection(SolutionProperties) = preSolution
		HideSolutionNode = FALSE
	EndGlobalSection
	GlobalSection(ExtensibilityGlobals) = postSolution
		SolutionGuid = {27EC28CA-F43B-469A-989E-8FDE65B27274}
	EndGlobalSection
EndGlobal
